
Microsoft Visual Studio Solution File, Format Version 12.00
# Visual Studio Version 17
VisualStudioVersion = 17.4.33213.308
MinimumVisualStudioVersion = 10.0.40219.1
Project("{9A19103F-16F7-4668-BE54-9A1E7A4F7556}") = "InsertionSort", "InsertionSort\InsertionSort.csproj", "{6CE69C37-E709-4CCC-B896-D76C9A14E8EC}"
EndProject
Project("{FAE04EC0-301F-11D3-BF4B-00C04F79EFBC}") = "InsertionSort.Tests", "InsertionSort.Tests\InsertionSort.Tests.csproj", "{226B2F98-88FF-4727-9B22-FBC15E0DB811}"
EndProject
Global
	GlobalSection(SolutionConfigurationPlatforms) = preSolution
		Debug|Any CPU = Debug|Any CPU
		Release|Any CPU = Release|Any CPU
	EndGlobalSection
	GlobalSection(ProjectConfigurationPlatforms) = postSolution
		{6CE69C37-E709-4CCC-B896-D76C9A14E8EC}.Debug|Any CPU.ActiveCfg = Debug|Any CPU
		{6CE69C37-E709-4CCC-B896-D76C9A14E8EC}.Debug|Any CPU.Build.0 = Debug|Any CPU
		{6CE69C37-E709-4CCC-B896-D76C9A14E8EC}.Release|Any CPU.ActiveCfg = Release|Any CPU
		{6CE69C37-E709-4CCC-B896-D76C9A14E8EC}.Release|Any CPU.Build.0 = Release|Any CPU
		{226B2F98-88FF-4727-9B22-FBC15E0DB811}.Debug|Any CPU.ActiveCfg = Debug|Any CPU
		{226B2F98-88FF-4727-9B22-FBC15E0DB811}.Debug|Any CPU.Build.0 = Debug|Any CPU
		{226B2F98-88FF-4727-9B22-FBC15E0DB811}.Release|Any CPU.ActiveCfg = Release|Any CPU
		{226B2F98-88FF-4727-9B22-FBC15E0DB811}.Release|Any CPU.Build.0 = Release|Any CPU
	EndGlobalSection
	GlobalSection(SolutionProperties) = preSolution
		HideSolutionNode = FALSE
	EndGlobalSection
	GlobalSection(ExtensibilityGlobals) = postSolution
		SolutionGuid = {10B59BA1-D86C-42F2-89E9-86DFB1B56D33}
	EndGlobalSection
EndGlobal
